
Microsoft Visual Studio Solution File, Format Version 12.00
# Visual Studio Version 17
VisualStudioVersion = 17.3.32929.385
MinimumVisualStudioVersion = 10.0.40219.1
Project("{FAE04EC0-301F-11D3-BF4B-00C04F79EFBC}") = "ExtremamenteBasico", "UriOnlineJudge\ExtremamenteBasico.csproj", "{2E4DB5F1-94B8-40C6-8399-EE1411038CBC}"
EndProject
Project("{FAE04EC0-301F-11D3-BF4B-00C04F79EFBC}") = "AreaDoCirculo", "AreaDoCirculo\AreaDoCirculo.csproj", "{1D6B535E-DAAE-401A-8247-734826BD6900}"
EndProject
Project("{9A19103F-16F7-4668-BE54-9A1E7A4F7556}") = "SomaSimples", "SomaSimples\SomaSimples.csproj", "{7A398B23-8CEB-4E4C-BA6D-68A75E29F98A}"
EndProject
Project("{9A19103F-16F7-4668-BE54-9A1E7A4F7556}") = "ProdutoSimples", "ProdutoSimples\ProdutoSimples.csproj", "{3832BE7F-0D4C-4232-9A1D-65C7E2FC10FC}"
EndProject
Project("{9A19103F-16F7-4668-BE54-9A1E7A4F7556}") = "Media1", "Media1\Media1.csproj", "{E0A26439-CCDA-4471-B4AD-0D7A38844E18}"
EndProject
Project("{9A19103F-16F7-4668-BE54-9A1E7A4F7556}") = "Media2", "Media2\Media2.csproj", "{9A989100-79E7-4CB7-B8DB-52709F8DB146}"
EndProject
Project("{9A19103F-16F7-4668-BE54-9A1E7A4F7556}") = "Diferenca", "Diferenca\Diferenca.csproj", "{FBA6B791-6F0E-40D8-94D5-607664CED110}"
EndProject
Project("{9A19103F-16F7-4668-BE54-9A1E7A4F7556}") = "Salario", "Salario\Salario.csproj", "{075DE03B-7D48-4A03-BEB6-28A08342FC1D}"
EndProject
Project("{9A19103F-16F7-4668-BE54-9A1E7A4F7556}") = "SalarioComBonus", "SalarioComBonus\SalarioComBonus.csproj", "{2B9A719A-2C31-4985-842A-100F4D41D0AD}"
EndProject
Project("{9A19103F-16F7-4668-BE54-9A1E7A4F7556}") = "CalculoSimples", "CalculoSimples\CalculoSimples.csproj", "{AF07CB1D-7BD6-4606-91B9-D7D0C6A7E62D}"
EndProject
Project("{9A19103F-16F7-4668-BE54-9A1E7A4F7556}") = "Esfera", "Esfera\Esfera.csproj", "{D919B702-A220-4DD2-AAED-9799465B076C}"
EndProject
Project("{9A19103F-16F7-4668-BE54-9A1E7A4F7556}") = "Area", "Area\Area.csproj", "{A453D352-ACF9-4F88-8978-1F8523FEBD19}"
EndProject
Project("{9A19103F-16F7-4668-BE54-9A1E7A4F7556}") = "OMaior", "OMaior\OMaior.csproj", "{54836D29-93F2-430A-BA4D-D6F3B7CBC632}"
EndProject
Project("{9A19103F-16F7-4668-BE54-9A1E7A4F7556}") = "Consumo", "Consumo\Consumo.csproj", "{2AF70B31-92C8-41D1-A960-60D569F1FD7B}"
EndProject
Project("{9A19103F-16F7-4668-BE54-9A1E7A4F7556}") = "DistanciaEntreDoisPontos", "DistanciaEntreDoisPontos\DistanciaEntreDoisPontos.csproj", "{620C31A6-6806-41A0-9FDB-C1ABA8978238}"
EndProject
Project("{9A19103F-16F7-4668-BE54-9A1E7A4F7556}") = "Distancia", "Distancia\Distancia.csproj", "{A2DA953B-FDAB-4EC7-A822-55A81827CA12}"
EndProject
Project("{FAE04EC0-301F-11D3-BF4B-00C04F79EFBC}") = "Primo", "Primo\Primo.csproj", "{FF51BF29-AED3-4BAD-AE75-98BD92DE21F6}"
EndProject
Project("{FAE04EC0-301F-11D3-BF4B-00C04F79EFBC}") = "ExercicioFibonacci", "ExercicioFibonacci\ExercicioFibonacci.csproj", "{1E1C2E3E-42A4-4140-AD12-3770B914A50F}"
EndProject
Project("{FAE04EC0-301F-11D3-BF4B-00C04F79EFBC}") = "ExercicioListaFaturamento", "ExercicioListaFaturamento\ExercicioListaFaturamento.csproj", "{5AF8BCF5-B317-4C81-9A69-17C38FA59403}"
EndProject
Project("{FAE04EC0-301F-11D3-BF4B-00C04F79EFBC}") = "ExercicioFaturamento2Porcentagem", "ExercicioFaturamento2Porcentagem\ExercicioFaturamento2Porcentagem.csproj", "{8268B0CB-FE93-4AD3-8222-31E7F0345416}"
EndProject
Project("{FAE04EC0-301F-11D3-BF4B-00C04F79EFBC}") = "GastoDeCombustivel", "GastoDeCombustivel\GastoDeCombustivel.csproj", "{56A57AEF-8C74-41B8-8285-6B3FA27291F7}"
EndProject
Project("{FAE04EC0-301F-11D3-BF4B-00C04F79EFBC}") = "BuscaArquivoRecursivamente", "BuscaArquivoRecursivamente\BuscaArquivoRecursivamente.csproj", "{4451285A-9BD9-4D80-A1C2-8DE3F888782B}"
EndProject
Project("{FAE04EC0-301F-11D3-BF4B-00C04F79EFBC}") = "Cedulas", "Cedulas\Cedulas.csproj", "{A1D72078-CB31-4EB7-8D36-BBA60C1A902E}"
EndProject
Project("{FAE04EC0-301F-11D3-BF4B-00C04F79EFBC}") = "ConversaoDeTempo", "ConversaoDeTempo\ConversaoDeTempo.csproj", "{BD469116-ECB2-4EDC-B31F-FEE5220D9BD6}"
EndProject
Project("{FAE04EC0-301F-11D3-BF4B-00C04F79EFBC}") = "IdadeEmDias", "IdadeEmDias\IdadeEmDias.csproj", "{1D82610F-621B-438D-A766-EFDE9729BB63}"
EndProject
Project("{FAE04EC0-301F-11D3-BF4B-00C04F79EFBC}") = "NotasEMoedas", "NotasEMoedas\NotasEMoedas.csproj", "{1654380F-F88B-4E40-AEBB-2D4C8AEBA844}"
EndProject
Global
	GlobalSection(SolutionConfigurationPlatforms) = preSolution
		Debug|Any CPU = Debug|Any CPU
		Release|Any CPU = Release|Any CPU
	EndGlobalSection
	GlobalSection(ProjectConfigurationPlatforms) = postSolution
		{2E4DB5F1-94B8-40C6-8399-EE1411038CBC}.Debug|Any CPU.ActiveCfg = Debug|Any CPU
		{2E4DB5F1-94B8-40C6-8399-EE1411038CBC}.Debug|Any CPU.Build.0 = Debug|Any CPU
		{2E4DB5F1-94B8-40C6-8399-EE1411038CBC}.Release|Any CPU.ActiveCfg = Release|Any CPU
		{2E4DB5F1-94B8-40C6-8399-EE1411038CBC}.Release|Any CPU.Build.0 = Release|Any CPU
		{1D6B535E-DAAE-401A-8247-734826BD6900}.Debug|Any CPU.ActiveCfg = Debug|Any CPU
		{1D6B535E-DAAE-401A-8247-734826BD6900}.Debug|Any CPU.Build.0 = Debug|Any CPU
		{1D6B535E-DAAE-401A-8247-734826BD6900}.Release|Any CPU.ActiveCfg = Release|Any CPU
		{1D6B535E-DAAE-401A-8247-734826BD6900}.Release|Any CPU.Build.0 = Release|Any CPU
		{7A398B23-8CEB-4E4C-BA6D-68A75E29F98A}.Debug|Any CPU.ActiveCfg = Debug|Any CPU
		{7A398B23-8CEB-4E4C-BA6D-68A75E29F98A}.Debug|Any CPU.Build.0 = Debug|Any CPU
		{7A398B23-8CEB-4E4C-BA6D-68A75E29F98A}.Release|Any CPU.ActiveCfg = Release|Any CPU
		{7A398B23-8CEB-4E4C-BA6D-68A75E29F98A}.Release|Any CPU.Build.0 = Release|Any CPU
		{3832BE7F-0D4C-4232-9A1D-65C7E2FC10FC}.Debug|Any CPU.ActiveCfg = Debug|Any CPU
		{3832BE7F-0D4C-4232-9A1D-65C7E2FC10FC}.Debug|Any CPU.Build.0 = Debug|Any CPU
		{3832BE7F-0D4C-4232-9A1D-65C7E2FC10FC}.Release|Any CPU.ActiveCfg = Release|Any CPU
		{3832BE7F-0D4C-4232-9A1D-65C7E2FC10FC}.Release|Any CPU.Build.0 = Release|Any CPU
		{E0A26439-CCDA-4471-B4AD-0D7A38844E18}.Debug|Any CPU.ActiveCfg = Debug|Any CPU
		{E0A26439-CCDA-4471-B4AD-0D7A38844E18}.Debug|Any CPU.Build.0 = Debug|Any CPU
		{E0A26439-CCDA-4471-B4AD-0D7A38844E18}.Release|Any CPU.ActiveCfg = Release|Any CPU
		{E0A26439-CCDA-4471-B4AD-0D7A38844E18}.Release|Any CPU.Build.0 = Release|Any CPU
		{9A989100-79E7-4CB7-B8DB-52709F8DB146}.Debug|Any CPU.ActiveCfg = Debug|Any CPU
		{9A989100-79E7-4CB7-B8DB-52709F8DB146}.Debug|Any CPU.Build.0 = Debug|Any CPU
		{9A989100-79E7-4CB7-B8DB-52709F8DB146}.Release|Any CPU.ActiveCfg = Release|Any CPU
		{9A989100-79E7-4CB7-B8DB-52709F8DB146}.Release|Any CPU.Build.0 = Release|Any CPU
		{FBA6B791-6F0E-40D8-94D5-607664CED110}.Debug|Any CPU.ActiveCfg = Debug|Any CPU
		{FBA6B791-6F0E-40D8-94D5-607664CED110}.Debug|Any CPU.Build.0 = Debug|Any CPU
		{FBA6B791-6F0E-40D8-94D5-607664CED110}.Release|Any CPU.ActiveCfg = Release|Any CPU
		{FBA6B791-6F0E-40D8-94D5-607664CED110}.Release|Any CPU.Build.0 = Release|Any CPU
		{075DE03B-7D48-4A03-BEB6-28A08342FC1D}.Debug|Any CPU.ActiveCfg = Debug|Any CPU
		{075DE03B-7D48-4A03-BEB6-28A08342FC1D}.Debug|Any CPU.Build.0 = Debug|Any CPU
		{075DE03B-7D48-4A03-BEB6-28A08342FC1D}.Release|Any CPU.ActiveCfg = Release|Any CPU
		{075DE03B-7D48-4A03-BEB6-28A08342FC1D}.Release|Any CPU.Build.0 = Release|Any CPU
		{2B9A719A-2C31-4985-842A-100F4D41D0AD}.Debug|Any CPU.ActiveCfg = Debug|Any CPU
		{2B9A719A-2C31-4985-842A-100F4D41D0AD}.Debug|Any CPU.Build.0 = Debug|Any CPU
		{2B9A719A-2C31-4985-842A-100F4D41D0AD}.Release|Any CPU.ActiveCfg = Release|Any CPU
		{2B9A719A-2C31-4985-842A-100F4D41D0AD}.Release|Any CPU.Build.0 = Release|Any CPU
		{AF07CB1D-7BD6-4606-91B9-D7D0C6A7E62D}.Debug|Any CPU.ActiveCfg = Debug|Any CPU
		{AF07CB1D-7BD6-4606-91B9-D7D0C6A7E62D}.Debug|Any CPU.Build.0 = Debug|Any CPU
		{AF07CB1D-7BD6-4606-91B9-D7D0C6A7E62D}.Release|Any CPU.ActiveCfg = Release|Any CPU
		{AF07CB1D-7BD6-4606-91B9-D7D0C6A7E62D}.Release|Any CPU.Build.0 = Release|Any CPU
		{D919B702-A220-4DD2-AAED-9799465B076C}.Debug|Any CPU.ActiveCfg = Debug|Any CPU
		{D919B702-A220-4DD2-AAED-9799465B076C}.Debug|Any CPU.Build.0 = Debug|Any CPU
		{D919B702-A220-4DD2-AAED-9799465B076C}.Release|Any CPU.ActiveCfg = Release|Any CPU
		{D919B702-A220-4DD2-AAED-9799465B076C}.Release|Any CPU.Build.0 = Release|Any CPU
		{A453D352-ACF9-4F88-8978-1F8523FEBD19}.Debug|Any CPU.ActiveCfg = Debug|Any CPU
		{A453D352-ACF9-4F88-8978-1F8523FEBD19}.Debug|Any CPU.Build.0 = Debug|Any CPU
		{A453D352-ACF9-4F88-8978-1F8523FEBD19}.Release|Any CPU.ActiveCfg = Release|Any CPU
		{A453D352-ACF9-4F88-8978-1F8523FEBD19}.Release|Any CPU.Build.0 = Release|Any CPU
		{54836D29-93F2-430A-BA4D-D6F3B7CBC632}.Debug|Any CPU.ActiveCfg = Debug|Any CPU
		{54836D29-93F2-430A-BA4D-D6F3B7CBC632}.Debug|Any CPU.Build.0 = Debug|Any CPU
		{54836D29-93F2-430A-BA4D-D6F3B7CBC632}.Release|Any CPU.ActiveCfg = Release|Any CPU
		{54836D29-93F2-430A-BA4D-D6F3B7CBC632}.Release|Any CPU.Build.0 = Release|Any CPU
		{2AF70B31-92C8-41D1-A960-60D569F1FD7B}.Debug|Any CPU.ActiveCfg = Debug|Any CPU
		{2AF70B31-92C8-41D1-A960-60D569F1FD7B}.Debug|Any CPU.Build.0 = Debug|Any CPU
		{2AF70B31-92C8-41D1-A960-60D569F1FD7B}.Release|Any CPU.ActiveCfg = Release|Any CPU
		{2AF70B31-92C8-41D1-A960-60D569F1FD7B}.Release|Any CPU.Build.0 = Release|Any CPU
		{620C31A6-6806-41A0-9FDB-C1ABA8978238}.Debug|Any CPU.ActiveCfg = Debug|Any CPU
		{620C31A6-6806-41A0-9FDB-C1ABA8978238}.Debug|Any CPU.Build.0 = Debug|Any CPU
		{620C31A6-6806-41A0-9FDB-C1ABA8978238}.Release|Any CPU.ActiveCfg = Release|Any CPU
		{620C31A6-6806-41A0-9FDB-C1ABA8978238}.Release|Any CPU.Build.0 = Release|Any CPU
		{A2DA953B-FDAB-4EC7-A822-55A81827CA12}.Debug|Any CPU.ActiveCfg = Debug|Any CPU
		{A2DA953B-FDAB-4EC7-A822-55A81827CA12}.Debug|Any CPU.Build.0 = Debug|Any CPU
		{A2DA953B-FDAB-4EC7-A822-55A81827CA12}.Release|Any CPU.ActiveCfg = Release|Any CPU
		{A2DA953B-FDAB-4EC7-A822-55A81827CA12}.Release|Any CPU.Build.0 = Release|Any CPU
		{FF51BF29-AED3-4BAD-AE75-98BD92DE21F6}.Debug|Any CPU.ActiveCfg = Debug|Any CPU
		{FF51BF29-AED3-4BAD-AE75-98BD92DE21F6}.Debug|Any CPU.Build.0 = Debug|Any CPU
		{FF51BF29-AED3-4BAD-AE75-98BD92DE21F6}.Release|Any CPU.ActiveCfg = Release|Any CPU
		{FF51BF29-AED3-4BAD-AE75-98BD92DE21F6}.Release|Any CPU.Build.0 = Release|Any CPU
		{1E1C2E3E-42A4-4140-AD12-3770B914A50F}.Debug|Any CPU.ActiveCfg = Debug|Any CPU
		{1E1C2E3E-42A4-4140-AD12-3770B914A50F}.Debug|Any CPU.Build.0 = Debug|Any CPU
		{1E1C2E3E-42A4-4140-AD12-3770B914A50F}.Release|Any CPU.ActiveCfg = Release|Any CPU
		{1E1C2E3E-42A4-4140-AD12-3770B914A50F}.Release|Any CPU.Build.0 = Release|Any CPU
		{5AF8BCF5-B317-4C81-9A69-17C38FA59403}.Debug|Any CPU.ActiveCfg = Debug|Any CPU
		{5AF8BCF5-B317-4C81-9A69-17C38FA59403}.Debug|Any CPU.Build.0 = Debug|Any CPU
		{5AF8BCF5-B317-4C81-9A69-17C38FA59403}.Release|Any CPU.ActiveCfg = Release|Any CPU
		{5AF8BCF5-B317-4C81-9A69-17C38FA59403}.Release|Any CPU.Build.0 = Release|Any CPU
		{8268B0CB-FE93-4AD3-8222-31E7F0345416}.Debug|Any CPU.ActiveCfg = Debug|Any CPU
		{8268B0CB-FE93-4AD3-8222-31E7F0345416}.Debug|Any CPU.Build.0 = Debug|Any CPU
		{8268B0CB-FE93-4AD3-8222-31E7F0345416}.Release|Any CPU.ActiveCfg = Release|Any CPU
		{8268B0CB-FE93-4AD3-8222-31E7F0345416}.Release|Any CPU.Build.0 = Release|Any CPU
		{56A57AEF-8C74-41B8-8285-6B3FA27291F7}.Debug|Any CPU.ActiveCfg = Debug|Any CPU
		{56A57AEF-8C74-41B8-8285-6B3FA27291F7}.Debug|Any CPU.Build.0 = Debug|Any CPU
		{56A57AEF-8C74-41B8-8285-6B3FA27291F7}.Release|Any CPU.ActiveCfg = Release|Any CPU
		{56A57AEF-8C74-41B8-8285-6B3FA27291F7}.Release|Any CPU.Build.0 = Release|Any CPU
		{4451285A-9BD9-4D80-A1C2-8DE3F888782B}.Debug|Any CPU.ActiveCfg = Debug|Any CPU
		{4451285A-9BD9-4D80-A1C2-8DE3F888782B}.Debug|Any CPU.Build.0 = Debug|Any CPU
		{4451285A-9BD9-4D80-A1C2-8DE3F888782B}.Release|Any CPU.ActiveCfg = Release|Any CPU
		{4451285A-9BD9-4D80-A1C2-8DE3F888782B}.Release|Any CPU.Build.0 = Release|Any CPU
		{A1D72078-CB31-4EB7-8D36-BBA60C1A902E}.Debug|Any CPU.ActiveCfg = Debug|Any CPU
		{A1D72078-CB31-4EB7-8D36-BBA60C1A902E}.Debug|Any CPU.Build.0 = Debug|Any CPU
		{A1D72078-CB31-4EB7-8D36-BBA60C1A902E}.Release|Any CPU.ActiveCfg = Release|Any CPU
		{A1D72078-CB31-4EB7-8D36-BBA60C1A902E}.Release|Any CPU.Build.0 = Release|Any CPU
		{BD469116-ECB2-4EDC-B31F-FEE5220D9BD6}.Debug|Any CPU.ActiveCfg = Debug|Any CPU
		{BD469116-ECB2-4EDC-B31F-FEE5220D9BD6}.Debug|Any CPU.Build.0 = Debug|Any CPU
		{BD469116-ECB2-4EDC-B31F-FEE5220D9BD6}.Release|Any CPU.ActiveCfg = Release|Any CPU
		{BD469116-ECB2-4EDC-B31F-FEE5220D9BD6}.Release|Any CPU.Build.0 = Release|Any CPU
		{1D82610F-621B-438D-A766-EFDE9729BB63}.Debug|Any CPU.ActiveCfg = Debug|Any CPU
		{1D82610F-621B-438D-A766-EFDE9729BB63}.Debug|Any CPU.Build.0 = Debug|Any CPU
		{1D82610F-621B-438D-A766-EFDE9729BB63}.Release|Any CPU.ActiveCfg = Release|Any CPU
		{1D82610F-621B-438D-A766-EFDE9729BB63}.Release|Any CPU.Build.0 = Release|Any CPU
		{1654380F-F88B-4E40-AEBB-2D4C8AEBA844}.Debug|Any CPU.ActiveCfg = Debug|Any CPU
		{1654380F-F88B-4E40-AEBB-2D4C8AEBA844}.Debug|Any CPU.Build.0 = Debug|Any CPU
		{1654380F-F88B-4E40-AEBB-2D4C8AEBA844}.Release|Any CPU.ActiveCfg = Release|Any CPU
		{1654380F-F88B-4E40-AEBB-2D4C8AEBA844}.Release|Any CPU.Build.0 = Release|Any CPU
	EndGlobalSection
	GlobalSection(SolutionProperties) = preSolution
		HideSolutionNode = FALSE
	EndGlobalSection
	GlobalSection(ExtensibilityGlobals) = postSolution
		SolutionGuid = {38CADE8A-D3C0-47FE-853E-9FE87FCFA326}
	EndGlobalSection
EndGlobal
